锘�
Microsoft Visual Studio Solution File, Format Version 10.00
# Visual Studio 2008
Project("{8BC9CEB8-8B4A-11D0-8D11-00A0C91BC942}") = "reloadpy", "reloadpy\reloadpy.vcproj", "{C9A6E16C-D5B3-47E5-9F7E-86E837B23F55}"
EndProject
Global
	GlobalSection(SolutionConfigurationPlatforms) = preSolution
		Debug|Win32 = Debug|Win32
		Release|Win32 = Release|Win32
	EndGlobalSection
	GlobalSection(ProjectConfigurationPlatforms) = postSolution
		{C9A6E16C-D5B3-47E5-9F7E-86E837B23F55}.Debug|Win32.ActiveCfg = Debug|Win32
		{C9A6E16C-D5B3-47E5-9F7E-86E837B23F55}.Debug|Win32.Build.0 = Debug|Win32
		{C9A6E16C-D5B3-47E5-9F7E-86E837B23F55}.Release|Win32.ActiveCfg = Release|Win32
		{C9A6E16C-D5B3-47E5-9F7E-86E837B23F55}.Release|Win32.Build.0 = Release|Win32
	EndGlobalSection
	GlobalSection(SolutionProperties) = preSolution
		HideSolutionNode = FALSE
	EndGlobalSection
EndGlobal
